PODS:
  - boost (1.76.0)
  - DoubleConversion (1.1.6)
  - FBLazyVector (1000.0.0)
  - FBReactNativeSpec (1000.0.0):
    - RCT-Folly (= 2021.07.22.00)
    - RCTRequired (= 1000.0.0)
    - RCTTypeSafety (= 1000.0.0)
    - React-Core (= 1000.0.0)
    - React-jsi (= 1000.0.0)
    - ReactCommon/turbomodule/core (= 1000.0.0)
  - glog (0.3.5)
  - OCMock (3.9.1)
  - RCT-Folly (2021.07.22.00):
    - boost
    - DoubleConversion
    - glog
    - RCT-Folly/Default (= 2021.07.22.00)
  - RCT-Folly/Default (2021.07.22.00):
    - boost
    - DoubleConversion
    - glog
  - RCT-Folly/Fabric (2021.07.22.00):
    - boost
    - DoubleConversion
    - glog
  - RCTRequired (1000.0.0)
  - RCTTypeSafety (1000.0.0):
    - FBLazyVector (= 1000.0.0)
    - RCTRequired (= 1000.0.0)
    - React-Core (= 1000.0.0)
  - React (1000.0.0):
    - React-Core (= 1000.0.0)
    - React-Core/DevSupport (= 1000.0.0)
    - React-Core/RCTWebSocket (= 1000.0.0)
    - React-RCTActionSheet (= 1000.0.0)
    - React-RCTAnimation (= 1000.0.0)
    - React-RCTBlob (= 1000.0.0)
    - React-RCTImage (= 1000.0.0)
    - React-RCTLinking (= 1000.0.0)
    - React-RCTNetwork (= 1000.0.0)
    - React-RCTSettings (= 1000.0.0)
    - React-RCTText (= 1000.0.0)
    - React-RCTVibration (= 1000.0.0)
  - React-callinvoker (1000.0.0)
  - React-Codegen (1000.0.0):
    - DoubleConversion
    - FBReactNativeSpec
    - glog
    - RCT-Folly
    - RCTRequired
    - RCTTypeSafety
    - React-Core
    - React-debug
    - React-Fabric
    - React-graphics
    - React-jsc
    - React-jsi
    - React-jsiexecutor
    - React-NativeModulesApple
    - React-rendererdebug
    - React-rncore
    - React-utils
    - ReactCommon/turbomodule/bridging
    - ReactCommon/turbomodule/core
  - React-Core (1000.0.0):
    - glog
    - RCT-Folly (= 2021.07.22.00)
    - React-Core/Default (= 1000.0.0)
    - React-cxxreact (= 1000.0.0)
    - React-jsc
    - React-jsi (= 1000.0.0)
    - React-jsiexecutor (= 1000.0.0)
    - React-perflogger (= 1000.0.0)
    - React-utils
    - Yoga
  - React-Core/CoreModulesHeaders (1000.0.0):
    - glog
    - RCT-Folly (= 2021.07.22.00)
    - React-Core/Default
    - React-cxxreact (= 1000.0.0)
    - React-jsc
    - React-jsi (= 1000.0.0)
    - React-jsiexecutor (= 1000.0.0)
    - React-perflogger (= 1000.0.0)
    - React-utils
    - Yoga
  - React-Core/Default (1000.0.0):
    - glog
    - RCT-Folly (= 2021.07.22.00)
    - React-cxxreact (= 1000.0.0)
    - React-jsc
    - React-jsi (= 1000.0.0)
    - React-jsiexecutor (= 1000.0.0)
    - React-perflogger (= 1000.0.0)
    - React-utils
    - Yoga
  - React-Core/DevSupport (1000.0.0):
    - glog
    - RCT-Folly (= 2021.07.22.00)
    - React-Core/Default (= 1000.0.0)
    - React-Core/RCTWebSocket (= 1000.0.0)
    - React-cxxreact (= 1000.0.0)
    - React-jsc
    - React-jsi (= 1000.0.0)
    - React-jsiexecutor (= 1000.0.0)
    - React-jsinspector (= 1000.0.0)
    - React-perflogger (= 1000.0.0)
    - React-utils
    - Yoga
  - React-Core/RCTActionSheetHeaders (1000.0.0):
    - glog
    - RCT-Folly (= 2021.07.22.00)
    - React-Core/Default
    - React-cxxreact (= 1000.0.0)
    - React-jsc
    - React-jsi (= 1000.0.0)
    - React-jsiexecutor (= 1000.0.0)
    - React-perflogger (= 1000.0.0)
    - React-utils
    - Yoga
  - React-Core/RCTAnimationHeaders (1000.0.0):
    - glog
    - RCT-Folly (= 2021.07.22.00)
    - React-Core/Default
    - React-cxxreact (= 1000.0.0)
    - React-jsc
    - React-jsi (= 1000.0.0)
    - React-jsiexecutor (= 1000.0.0)
    - React-perflogger (= 1000.0.0)
    - React-utils
    - Yoga
  - React-Core/RCTBlobHeaders (1000.0.0):
    - glog
    - RCT-Folly (= 2021.07.22.00)
    - React-Core/Default
    - React-cxxreact (= 1000.0.0)
    - React-jsc
    - React-jsi (= 1000.0.0)
    - React-jsiexecutor (= 1000.0.0)
    - React-perflogger (= 1000.0.0)
    - React-utils
    - Yoga
  - React-Core/RCTImageHeaders (1000.0.0):
    - glog
    - RCT-Folly (= 2021.07.22.00)
    - React-Core/Default
    - React-cxxreact (= 1000.0.0)
    - React-jsc
    - React-jsi (= 1000.0.0)
    - React-jsiexecutor (= 1000.0.0)
    - React-perflogger (= 1000.0.0)
    - React-utils
    - Yoga
  - React-Core/RCTLinkingHeaders (1000.0.0):
    - glog
    - RCT-Folly (= 2021.07.22.00)
    - React-Core/Default
    - React-cxxreact (= 1000.0.0)
    - React-jsc
    - React-jsi (= 1000.0.0)
    - React-jsiexecutor (= 1000.0.0)
    - React-perflogger (= 1000.0.0)
    - React-utils
    - Yoga
  - React-Core/RCTNetworkHeaders (1000.0.0):
    - glog
    - RCT-Folly (= 2021.07.22.00)
    - React-Core/Default
    - React-cxxreact (= 1000.0.0)
    - React-jsc
    - React-jsi (= 1000.0.0)
    - React-jsiexecutor (= 1000.0.0)
    - React-perflogger (= 1000.0.0)
    - React-utils
    - Yoga
  - React-Core/RCTPushNotificationHeaders (1000.0.0):
    - glog
    - RCT-Folly (= 2021.07.22.00)
    - React-Core/Default
    - React-cxxreact (= 1000.0.0)
    - React-jsc
    - React-jsi (= 1000.0.0)
    - React-jsiexecutor (= 1000.0.0)
    - React-perflogger (= 1000.0.0)
    - React-utils
    - Yoga
  - React-Core/RCTSettingsHeaders (1000.0.0):
    - glog
    - RCT-Folly (= 2021.07.22.00)
    - React-Core/Default
    - React-cxxreact (= 1000.0.0)
    - React-jsc
    - React-jsi (= 1000.0.0)
    - React-jsiexecutor (= 1000.0.0)
    - React-perflogger (= 1000.0.0)
    - React-utils
    - Yoga
  - React-Core/RCTTextHeaders (1000.0.0):
    - glog
    - RCT-Folly (= 2021.07.22.00)
    - React-Core/Default
    - React-cxxreact (= 1000.0.0)
    - React-jsc
    - React-jsi (= 1000.0.0)
    - React-jsiexecutor (= 1000.0.0)
    - React-perflogger (= 1000.0.0)
    - React-utils
    - Yoga
  - React-Core/RCTVibrationHeaders (1000.0.0):
    - glog
    - RCT-Folly (= 2021.07.22.00)
    - React-Core/Default
    - React-cxxreact (= 1000.0.0)
    - React-jsc
    - React-jsi (= 1000.0.0)
    - React-jsiexecutor (= 1000.0.0)
    - React-perflogger (= 1000.0.0)
    - React-utils
    - Yoga
  - React-Core/RCTWebSocket (1000.0.0):
    - glog
    - RCT-Folly (= 2021.07.22.00)
    - React-Core/Default (= 1000.0.0)
    - React-cxxreact (= 1000.0.0)
    - React-jsc
    - React-jsi (= 1000.0.0)
    - React-jsiexecutor (= 1000.0.0)
    - React-perflogger (= 1000.0.0)
    - React-utils
    - Yoga
  - React-CoreModules (1000.0.0):
    - RCT-Folly (= 2021.07.22.00)
    - RCTTypeSafety (= 1000.0.0)
    - React-Codegen (= 1000.0.0)
    - React-Core/CoreModulesHeaders (= 1000.0.0)
    - React-jsi (= 1000.0.0)
    - React-RCTBlob
    - React-RCTImage (= 1000.0.0)
    - ReactCommon/turbomodule/core (= 1000.0.0)
  - React-cxxreact (1000.0.0):
    - boost (= 1.76.0)
    - DoubleConversion
    - glog
    - RCT-Folly (= 2021.07.22.00)
    - React-callinvoker (= 1000.0.0)
    - React-jsi (= 1000.0.0)
    - React-jsinspector (= 1000.0.0)
    - React-logger (= 1000.0.0)
    - React-perflogger (= 1000.0.0)
    - React-runtimeexecutor (= 1000.0.0)
  - React-debug (1000.0.0)
  - React-Fabric (1000.0.0):
    - DoubleConversion
    - glog
    - RCT-Folly/Fabric (= 2021.07.22.00)
    - RCTRequired (= 1000.0.0)
    - RCTTypeSafety (= 1000.0.0)
    - React-Core
    - React-cxxreact
    - React-debug
    - React-Fabric/animations (= 1000.0.0)
    - React-Fabric/attributedstring (= 1000.0.0)
    - React-Fabric/butter (= 1000.0.0)
    - React-Fabric/componentregistry (= 1000.0.0)
    - React-Fabric/componentregistrynative (= 1000.0.0)
    - React-Fabric/components (= 1000.0.0)
    - React-Fabric/config (= 1000.0.0)
    - React-Fabric/core (= 1000.0.0)
    - React-Fabric/imagemanager (= 1000.0.0)
    - React-Fabric/leakchecker (= 1000.0.0)
    - React-Fabric/mapbuffer (= 1000.0.0)
    - React-Fabric/mounting (= 1000.0.0)
    - React-Fabric/runtimescheduler (= 1000.0.0)
    - React-Fabric/scheduler (= 1000.0.0)
    - React-Fabric/telemetry (= 1000.0.0)
    - React-Fabric/templateprocessor (= 1000.0.0)
    - React-Fabric/textlayoutmanager (= 1000.0.0)
    - React-Fabric/uimanager (= 1000.0.0)
    - React-graphics (= 1000.0.0)
    - React-jsi
    - React-jsiexecutor (= 1000.0.0)
    - React-logger
    - React-rendererdebug
    - React-utils
    - ReactCommon/turbomodule/core (= 1000.0.0)
  - React-Fabric/animations (1000.0.0):
    - DoubleConversion
    - glog
    - RCT-Folly/Fabric (= 2021.07.22.00)
    - RCTRequired (= 1000.0.0)
    - RCTTypeSafety (= 1000.0.0)
    - React-Core
    - React-cxxreact
    - React-debug
    - React-graphics (= 1000.0.0)
    - React-jsi
    - React-jsiexecutor (= 1000.0.0)
    - React-logger
    - React-rendererdebug
    - React-utils
    - ReactCommon/turbomodule/core (= 1000.0.0)
  - React-Fabric/attributedstring (1000.0.0):
    - DoubleConversion
    - glog
    - RCT-Folly/Fabric (= 2021.07.22.00)
    - RCTRequired (= 1000.0.0)
    - RCTTypeSafety (= 1000.0.0)
    - React-Core
    - React-cxxreact
    - React-debug
    - React-graphics (= 1000.0.0)
    - React-jsi
    - React-jsiexecutor (= 1000.0.0)
    - React-logger
    - React-rendererdebug
    - React-utils
    - ReactCommon/turbomodule/core (= 1000.0.0)
  - React-Fabric/butter (1000.0.0):
    - DoubleConversion
    - glog
    - RCT-Folly/Fabric (= 2021.07.22.00)
    - RCTRequired (= 1000.0.0)
    - RCTTypeSafety (= 1000.0.0)
    - React-Core
    - React-cxxreact
    - React-debug
    - React-graphics (= 1000.0.0)
    - React-jsi
    - React-jsiexecutor (= 1000.0.0)
    - React-logger
    - React-rendererdebug
    - React-utils
    - ReactCommon/turbomodule/core (= 1000.0.0)
  - React-Fabric/componentregistry (1000.0.0):
    - DoubleConversion
    - glog
    - RCT-Folly/Fabric (= 2021.07.22.00)
    - RCTRequired (= 1000.0.0)
    - RCTTypeSafety (= 1000.0.0)
    - React-Core
    - React-cxxreact
    - React-debug
    - React-graphics (= 1000.0.0)
    - React-jsi
    - React-jsiexecutor (= 1000.0.0)
    - React-logger
    - React-rendererdebug
    - React-utils
    - ReactCommon/turbomodule/core (= 1000.0.0)
  - React-Fabric/componentregistrynative (1000.0.0):
    - DoubleConversion
    - glog
    - RCT-Folly/Fabric (= 2021.07.22.00)
    - RCTRequired (= 1000.0.0)
    - RCTTypeSafety (= 1000.0.0)
    - React-Core
    - React-cxxreact
    - React-debug
    - React-graphics (= 1000.0.0)
    - React-jsi
    - React-jsiexecutor (= 1000.0.0)
    - React-logger
    - React-rendererdebug
    - React-utils
    - ReactCommon/turbomodule/core (= 1000.0.0)
  - React-Fabric/components (1000.0.0):
    - DoubleConversion
    - glog
    - RCT-Folly/Fabric (= 2021.07.22.00)
    - RCTRequired (= 1000.0.0)
    - RCTTypeSafety (= 1000.0.0)
    - React-Core
    - React-cxxreact
    - React-debug
    - React-Fabric/components/inputaccessory (= 1000.0.0)
    - React-Fabric/components/legacyviewmanagerinterop (= 1000.0.0)
    - React-Fabric/components/modal (= 1000.0.0)
    - React-Fabric/components/rncore (= 1000.0.0)
    - React-Fabric/components/root (= 1000.0.0)
    - React-Fabric/components/safeareaview (= 1000.0.0)
    - React-Fabric/components/scrollview (= 1000.0.0)
    - React-Fabric/components/text (= 1000.0.0)
    - React-Fabric/components/textinput (= 1000.0.0)
    - React-Fabric/components/unimplementedview (= 1000.0.0)
    - React-Fabric/components/view (= 1000.0.0)
    - React-graphics (= 1000.0.0)
    - React-jsi
    - React-jsiexecutor (= 1000.0.0)
    - React-logger
    - React-rendererdebug
    - React-utils
    - ReactCommon/turbomodule/core (= 1000.0.0)
  - React-Fabric/components/inputaccessory (1000.0.0):
    - DoubleConversion
    - glog
    - RCT-Folly/Fabric (= 2021.07.22.00)
    - RCTRequired (= 1000.0.0)
    - RCTTypeSafety (= 1000.0.0)
    - React-Core
    - React-cxxreact
    - React-debug
    - React-graphics (= 1000.0.0)
    - React-jsi
    - React-jsiexecutor (= 1000.0.0)
    - React-logger
    - React-rendererdebug
    - React-utils
    - ReactCommon/turbomodule/core (= 1000.0.0)
  - React-Fabric/components/legacyviewmanagerinterop (1000.0.0):
    - DoubleConversion
    - glog
    - RCT-Folly/Fabric (= 2021.07.22.00)
    - RCTRequired (= 1000.0.0)
    - RCTTypeSafety (= 1000.0.0)
    - React-Core
    - React-cxxreact
    - React-debug
    - React-graphics (= 1000.0.0)
    - React-jsi
    - React-jsiexecutor (= 1000.0.0)
    - React-logger
    - React-rendererdebug
    - React-utils
    - ReactCommon/turbomodule/core (= 1000.0.0)
  - React-Fabric/components/modal (1000.0.0):
    - DoubleConversion
    - glog
    - RCT-Folly/Fabric (= 2021.07.22.00)
    - RCTRequired (= 1000.0.0)
    - RCTTypeSafety (= 1000.0.0)
    - React-Core
    - React-cxxreact
    - React-debug
    - React-graphics (= 1000.0.0)
    - React-jsi
    - React-jsiexecutor (= 1000.0.0)
    - React-logger
    - React-rendererdebug
    - React-utils
    - ReactCommon/turbomodule/core (= 1000.0.0)
  - React-Fabric/components/rncore (1000.0.0):
    - DoubleConversion
    - glog
    - RCT-Folly/Fabric (= 2021.07.22.00)
    - RCTRequired (= 1000.0.0)
    - RCTTypeSafety (= 1000.0.0)
    - React-Core
    - React-cxxreact
    - React-debug
    - React-graphics (= 1000.0.0)
    - React-jsi
    - React-jsiexecutor (= 1000.0.0)
    - React-logger
    - React-rendererdebug
    - React-utils
    - ReactCommon/turbomodule/core (= 1000.0.0)
  - React-Fabric/components/root (1000.0.0):
    - DoubleConversion
    - glog
    - RCT-Folly/Fabric (= 2021.07.22.00)
    - RCTRequired (= 1000.0.0)
    - RCTTypeSafety (= 1000.0.0)
    - React-Core
    - React-cxxreact
    - React-debug
    - React-graphics (= 1000.0.0)
    - React-jsi
    - React-jsiexecutor (= 1000.0.0)
    - React-logger
    - React-rendererdebug
    - React-utils
    - ReactCommon/turbomodule/core (= 1000.0.0)
  - React-Fabric/components/safeareaview (1000.0.0):
    - DoubleConversion
    - glog
    - RCT-Folly/Fabric (= 2021.07.22.00)
    - RCTRequired (= 1000.0.0)
    - RCTTypeSafety (= 1000.0.0)
    - React-Core
    - React-cxxreact
    - React-debug
    - React-graphics (= 1000.0.0)
    - React-jsi
    - React-jsiexecutor (= 1000.0.0)
    - React-logger
    - React-rendererdebug
    - React-utils
    - ReactCommon/turbomodule/core (= 1000.0.0)
  - React-Fabric/components/scrollview (1000.0.0):
    - DoubleConversion
    - glog
    - RCT-Folly/Fabric (= 2021.07.22.00)
    - RCTRequired (= 1000.0.0)
    - RCTTypeSafety (= 1000.0.0)
    - React-Core
    - React-cxxreact
    - React-debug
    - React-graphics (= 1000.0.0)
    - React-jsi
    - React-jsiexecutor (= 1000.0.0)
    - React-logger
    - React-rendererdebug
    - React-utils
    - ReactCommon/turbomodule/core (= 1000.0.0)
  - React-Fabric/components/text (1000.0.0):
    - DoubleConversion
    - glog
    - RCT-Folly/Fabric (= 2021.07.22.00)
    - RCTRequired (= 1000.0.0)
    - RCTTypeSafety (= 1000.0.0)
    - React-Core
    - React-cxxreact
    - React-debug
    - React-graphics (= 1000.0.0)
    - React-jsi
    - React-jsiexecutor (= 1000.0.0)
    - React-logger
    - React-rendererdebug
    - React-utils
    - ReactCommon/turbomodule/core (= 1000.0.0)
  - React-Fabric/components/textinput (1000.0.0):
    - DoubleConversion
    - glog
    - RCT-Folly/Fabric (= 2021.07.22.00)
    - RCTRequired (= 1000.0.0)
    - RCTTypeSafety (= 1000.0.0)
    - React-Core
    - React-cxxreact
    - React-debug
    - React-graphics (= 1000.0.0)
    - React-jsi
    - React-jsiexecutor (= 1000.0.0)
    - React-logger
    - React-rendererdebug
    - React-utils
    - ReactCommon/turbomodule/core (= 1000.0.0)
  - React-Fabric/components/unimplementedview (1000.0.0):
    - DoubleConversion
    - glog
    - RCT-Folly/Fabric (= 2021.07.22.00)
    - RCTRequired (= 1000.0.0)
    - RCTTypeSafety (= 1000.0.0)
    - React-Core
    - React-cxxreact
    - React-debug
    - React-graphics (= 1000.0.0)
    - React-jsi
    - React-jsiexecutor (= 1000.0.0)
    - React-logger
    - React-rendererdebug
    - React-utils
    - ReactCommon/turbomodule/core (= 1000.0.0)
  - React-Fabric/components/view (1000.0.0):
    - DoubleConversion
    - glog
    - RCT-Folly/Fabric (= 2021.07.22.00)
    - RCTRequired (= 1000.0.0)
    - RCTTypeSafety (= 1000.0.0)
    - React-Core
    - React-cxxreact
    - React-debug
    - React-graphics (= 1000.0.0)
    - React-jsi
    - React-jsiexecutor (= 1000.0.0)
    - React-logger
    - React-rendererdebug
    - React-utils
    - ReactCommon/turbomodule/core (= 1000.0.0)
    - Yoga
  - React-Fabric/config (1000.0.0):
    - DoubleConversion
    - glog
    - RCT-Folly/Fabric (= 2021.07.22.00)
    - RCTRequired (= 1000.0.0)
    - RCTTypeSafety (= 1000.0.0)
    - React-Core
    - React-cxxreact
    - React-debug
    - React-graphics (= 1000.0.0)
    - React-jsi
    - React-jsiexecutor (= 1000.0.0)
    - React-logger
    - React-rendererdebug
    - React-utils
    - ReactCommon/turbomodule/core (= 1000.0.0)
  - React-Fabric/core (1000.0.0):
    - DoubleConversion
    - glog
    - RCT-Folly/Fabric (= 2021.07.22.00)
    - RCTRequired (= 1000.0.0)
    - RCTTypeSafety (= 1000.0.0)
    - React-Core
    - React-cxxreact
    - React-debug
    - React-graphics (= 1000.0.0)
    - React-jsi
    - React-jsiexecutor (= 1000.0.0)
    - React-logger
    - React-rendererdebug
    - React-utils
    - ReactCommon/turbomodule/core (= 1000.0.0)
  - React-Fabric/imagemanager (1000.0.0):
    - DoubleConversion
    - glog
    - RCT-Folly/Fabric (= 2021.07.22.00)
    - RCTRequired (= 1000.0.0)
    - RCTTypeSafety (= 1000.0.0)
    - React-Core
    - React-cxxreact
    - React-debug
    - React-graphics (= 1000.0.0)
    - React-jsi
    - React-jsiexecutor (= 1000.0.0)
    - React-logger
    - React-rendererdebug
    - React-utils
    - ReactCommon/turbomodule/core (= 1000.0.0)
  - React-Fabric/leakchecker (1000.0.0):
    - DoubleConversion
    - glog
    - RCT-Folly/Fabric (= 2021.07.22.00)
    - RCTRequired (= 1000.0.0)
    - RCTTypeSafety (= 1000.0.0)
    - React-Core
    - React-cxxreact
    - React-debug
    - React-graphics (= 1000.0.0)
    - React-jsi
    - React-jsiexecutor (= 1000.0.0)
    - React-logger
    - React-rendererdebug
    - React-utils
    - ReactCommon/turbomodule/core (= 1000.0.0)
  - React-Fabric/mapbuffer (1000.0.0):
    - DoubleConversion
    - glog
    - RCT-Folly/Fabric (= 2021.07.22.00)
    - RCTRequired (= 1000.0.0)
    - RCTTypeSafety (= 1000.0.0)
    - React-Core
    - React-cxxreact
    - React-debug
    - React-graphics (= 1000.0.0)
    - React-jsi
    - React-jsiexecutor (= 1000.0.0)
    - React-logger
    - React-rendererdebug
    - React-utils
    - ReactCommon/turbomodule/core (= 1000.0.0)
  - React-Fabric/mounting (1000.0.0):
    - DoubleConversion
    - glog
    - RCT-Folly/Fabric (= 2021.07.22.00)
    - RCTRequired (= 1000.0.0)
    - RCTTypeSafety (= 1000.0.0)
    - React-Core
    - React-cxxreact
    - React-debug
    - React-graphics (= 1000.0.0)
    - React-jsi
    - React-jsiexecutor (= 1000.0.0)
    - React-logger
    - React-rendererdebug
    - React-utils
    - ReactCommon/turbomodule/core (= 1000.0.0)
  - React-Fabric/runtimescheduler (1000.0.0):
    - DoubleConversion
    - glog
    - RCT-Folly/Fabric (= 2021.07.22.00)
    - RCTRequired (= 1000.0.0)
    - RCTTypeSafety (= 1000.0.0)
    - React-Core
    - React-cxxreact
    - React-debug
    - React-graphics (= 1000.0.0)
    - React-jsi
    - React-jsiexecutor (= 1000.0.0)
    - React-logger
    - React-rendererdebug
    - React-utils
    - ReactCommon/turbomodule/core (= 1000.0.0)
  - React-Fabric/scheduler (1000.0.0):
    - DoubleConversion
    - glog
    - RCT-Folly/Fabric (= 2021.07.22.00)
    - RCTRequired (= 1000.0.0)
    - RCTTypeSafety (= 1000.0.0)
    - React-Core
    - React-cxxreact
    - React-debug
    - React-graphics (= 1000.0.0)
    - React-jsi
    - React-jsiexecutor (= 1000.0.0)
    - React-logger
    - React-rendererdebug
    - React-utils
    - ReactCommon/turbomodule/core (= 1000.0.0)
  - React-Fabric/telemetry (1000.0.0):
    - DoubleConversion
    - glog
    - RCT-Folly/Fabric (= 2021.07.22.00)
    - RCTRequired (= 1000.0.0)
    - RCTTypeSafety (= 1000.0.0)
    - React-Core
    - React-cxxreact
    - React-debug
    - React-graphics (= 1000.0.0)
    - React-jsi
    - React-jsiexecutor (= 1000.0.0)
    - React-logger
    - React-rendererdebug
    - React-utils
    - ReactCommon/turbomodule/core (= 1000.0.0)
  - React-Fabric/templateprocessor (1000.0.0):
    - DoubleConversion
    - glog
    - RCT-Folly/Fabric (= 2021.07.22.00)
    - RCTRequired (= 1000.0.0)
    - RCTTypeSafety (= 1000.0.0)
    - React-Core
    - React-cxxreact
    - React-debug
    - React-graphics (= 1000.0.0)
    - React-jsi
    - React-jsiexecutor (= 1000.0.0)
    - React-logger
    - React-rendererdebug
    - React-utils
    - ReactCommon/turbomodule/core (= 1000.0.0)
  - React-Fabric/textlayoutmanager (1000.0.0):
    - DoubleConversion
    - glog
    - RCT-Folly/Fabric (= 2021.07.22.00)
    - RCTRequired (= 1000.0.0)
    - RCTTypeSafety (= 1000.0.0)
    - React-Core
    - React-cxxreact
    - React-debug
    - React-Fabric/uimanager
    - React-graphics (= 1000.0.0)
    - React-jsi
    - React-jsiexecutor (= 1000.0.0)
    - React-logger
    - React-rendererdebug
    - React-utils
    - ReactCommon/turbomodule/core (= 1000.0.0)
  - React-Fabric/uimanager (1000.0.0):
    - DoubleConversion
    - glog
    - RCT-Folly/Fabric (= 2021.07.22.00)
    - RCTRequired (= 1000.0.0)
    - RCTTypeSafety (= 1000.0.0)
    - React-Core
    - React-cxxreact
    - React-debug
    - React-graphics (= 1000.0.0)
    - React-jsi
    - React-jsiexecutor (= 1000.0.0)
    - React-logger
    - React-rendererdebug
    - React-utils
    - ReactCommon/turbomodule/core (= 1000.0.0)
  - React-FabricImage (1000.0.0):
    - DoubleConversion
    - glog
    - RCT-Folly/Fabric (= 2021.07.22.00)
    - RCTRequired (= 1000.0.0)
    - RCTTypeSafety (= 1000.0.0)
    - React-Fabric
    - React-graphics (= 1000.0.0)
    - React-ImageManager
    - React-jsi
    - React-jsiexecutor (= 1000.0.0)
    - React-logger
    - React-rendererdebug
    - React-utils
    - ReactCommon/turbomodule/core (= 1000.0.0)
    - Yoga
  - React-graphics (1000.0.0):
    - glog
    - RCT-Folly/Fabric (= 2021.07.22.00)
    - React-Core/Default (= 1000.0.0)
  - React-ImageManager (1000.0.0):
    - glog
    - RCT-Folly/Fabric
    - React-Core/Default
    - React-debug
    - React-Fabric
    - React-RCTImage
    - React-rendererdebug
    - React-utils
  - React-jsc (1000.0.0):
    - React-jsc/Fabric (= 1000.0.0)
    - React-jsi (= 1000.0.0)
  - React-jsc/Fabric (1000.0.0):
    - React-jsi (= 1000.0.0)
  - React-jsi (1000.0.0):
    - boost (= 1.76.0)
    - DoubleConversion
    - glog
    - RCT-Folly (= 2021.07.22.00)
  - React-jsiexecutor (1000.0.0):
    - DoubleConversion
    - glog
    - RCT-Folly (= 2021.07.22.00)
    - React-cxxreact (= 1000.0.0)
    - React-jsi (= 1000.0.0)
    - React-perflogger (= 1000.0.0)
  - React-jsinspector (1000.0.0)
  - React-logger (1000.0.0):
    - glog
  - React-NativeModulesApple (1000.0.0):
    - glog
    - React-callinvoker
    - React-Core
    - React-cxxreact
    - React-jsi
    - React-runtimeexecutor
    - ReactCommon/turbomodule/bridging
    - ReactCommon/turbomodule/core
  - React-perflogger (1000.0.0)
  - React-RCTActionSheet (1000.0.0):
    - React-Core/RCTActionSheetHeaders (= 1000.0.0)
  - React-RCTAnimation (1000.0.0):
    - RCT-Folly (= 2021.07.22.00)
    - RCTTypeSafety (= 1000.0.0)
    - React-Codegen (= 1000.0.0)
    - React-Core/RCTAnimationHeaders (= 1000.0.0)
    - React-jsi (= 1000.0.0)
    - ReactCommon/turbomodule/core (= 1000.0.0)
  - React-RCTAppDelegate (1000.0.0):
    - RCT-Folly
    - RCTRequired
    - RCTTypeSafety
    - React-Core
    - React-CoreModules
    - React-jsc
    - React-NativeModulesApple
    - React-RCTImage
    - React-RCTNetwork
    - ReactCommon/turbomodule/core
  - React-RCTBlob (1000.0.0):
    - RCT-Folly (= 2021.07.22.00)
    - React-Codegen (= 1000.0.0)
    - React-Core/RCTBlobHeaders (= 1000.0.0)
    - React-Core/RCTWebSocket (= 1000.0.0)
    - React-jsi (= 1000.0.0)
    - React-RCTNetwork (= 1000.0.0)
    - ReactCommon/turbomodule/core (= 1000.0.0)
  - React-RCTFabric (1000.0.0):
    - glog
    - RCT-Folly/Fabric (= 2021.07.22.00)
    - React-Core (= 1000.0.0)
    - React-debug
    - React-Fabric (= 1000.0.0)
    - React-FabricImage
    - React-graphics
    - React-ImageManager
    - React-jsi
    - React-RCTImage (= 1000.0.0)
    - React-RCTText
    - React-rendererdebug
    - React-utils
    - Yoga
  - React-RCTImage (1000.0.0):
    - RCT-Folly (= 2021.07.22.00)
    - RCTTypeSafety (= 1000.0.0)
    - React-Codegen (= 1000.0.0)
    - React-Core/RCTImageHeaders (= 1000.0.0)
    - React-jsi (= 1000.0.0)
    - React-RCTNetwork (= 1000.0.0)
    - ReactCommon/turbomodule/core (= 1000.0.0)
  - React-RCTLinking (1000.0.0):
    - React-Codegen (= 1000.0.0)
    - React-Core/RCTLinkingHeaders (= 1000.0.0)
    - React-jsi (= 1000.0.0)
    - ReactCommon/turbomodule/core (= 1000.0.0)
  - React-RCTNetwork (1000.0.0):
    - RCT-Folly (= 2021.07.22.00)
    - RCTTypeSafety (= 1000.0.0)
    - React-Codegen (= 1000.0.0)
    - React-Core/RCTNetworkHeaders (= 1000.0.0)
    - React-jsi (= 1000.0.0)
    - ReactCommon/turbomodule/core (= 1000.0.0)
  - React-RCTPushNotification (1000.0.0):
    - RCTTypeSafety (= 1000.0.0)
    - React-Codegen (= 1000.0.0)
    - React-Core/RCTPushNotificationHeaders (= 1000.0.0)
    - React-jsi (= 1000.0.0)
    - ReactCommon/turbomodule/core (= 1000.0.0)
  - React-RCTSettings (1000.0.0):
    - RCT-Folly (= 2021.07.22.00)
    - RCTTypeSafety (= 1000.0.0)
    - React-Codegen (= 1000.0.0)
    - React-Core/RCTSettingsHeaders (= 1000.0.0)
    - React-jsi (= 1000.0.0)
    - ReactCommon/turbomodule/core (= 1000.0.0)
  - React-RCTTest (1000.0.0):
    - RCT-Folly (= 2021.07.22.00)
    - React-Core (= 1000.0.0)
    - React-CoreModules (= 1000.0.0)
    - React-jsi (= 1000.0.0)
    - ReactCommon/turbomodule/core (= 1000.0.0)
  - React-RCTText (1000.0.0):
    - React-Core/RCTTextHeaders (= 1000.0.0)
  - React-RCTVibration (1000.0.0):
    - RCT-Folly (= 2021.07.22.00)
    - React-Codegen (= 1000.0.0)
    - React-Core/RCTVibrationHeaders (= 1000.0.0)
    - React-jsi (= 1000.0.0)
    - ReactCommon/turbomodule/core (= 1000.0.0)
  - React-rendererdebug (1000.0.0):
    - DoubleConversion
    - RCT-Folly (= 2021.07.22.00)
    - React-debug
  - React-rncore (1000.0.0)
  - React-runtimeexecutor (1000.0.0):
    - React-jsi (= 1000.0.0)
  - React-utils (1000.0.0):
    - glog
    - RCT-Folly (= 2021.07.22.00)
    - React-debug
  - ReactCommon-Samples (1000.0.0):
    - DoubleConversion
    - RCT-Folly
    - React-Codegen
    - React-Core
    - React-cxxreact
    - React-jsi
    - React-NativeModulesApple
    - ReactCommon/turbomodule/core
  - ReactCommon/turbomodule/bridging (1000.0.0):
    - DoubleConversion
    - glog
    - RCT-Folly (= 2021.07.22.00)
    - React-callinvoker (= 1000.0.0)
    - React-cxxreact (= 1000.0.0)
    - React-jsi (= 1000.0.0)
    - React-logger (= 1000.0.0)
    - React-perflogger (= 1000.0.0)
  - ReactCommon/turbomodule/core (1000.0.0):
    - DoubleConversion
    - glog
    - RCT-Folly (= 2021.07.22.00)
    - React-callinvoker (= 1000.0.0)
    - React-cxxreact (= 1000.0.0)
    - React-jsi (= 1000.0.0)
    - React-logger (= 1000.0.0)
    - React-perflogger (= 1000.0.0)
  - ScreenshotManager (0.0.1):
    - glog
    - RCT-Folly (= 2021.07.22.00)
    - React-Core
  - Yoga (1.14.0)

DEPENDENCIES:
  - boost (from `../react-native/third-party-podspecs/boost.podspec`)
  - DoubleConversion (from `../react-native/third-party-podspecs/DoubleConversion.podspec`)
  - FBLazyVector (from `../react-native/Libraries/FBLazyVector`)
  - FBReactNativeSpec (from `../react-native/React/FBReactNativeSpec`)
  - glog (from `../react-native/third-party-podspecs/glog.podspec`)
  - OCMock (~> 3.9.1)
  - RCT-Folly (from `../react-native/third-party-podspecs/RCT-Folly.podspec`)
  - RCT-Folly/Fabric (from `../react-native/third-party-podspecs/RCT-Folly.podspec`)
  - RCTRequired (from `../react-native/Libraries/RCTRequired`)
  - RCTTypeSafety (from `../react-native/Libraries/TypeSafety`)
  - React (from `../react-native/`)
  - React-callinvoker (from `../react-native/ReactCommon/callinvoker`)
  - React-Codegen (from `build/generated/ios`)
  - React-Core (from `../react-native/`)
  - React-Core/RCTWebSocket (from `../react-native/`)
  - React-CoreModules (from `../react-native/React/CoreModules`)
  - React-cxxreact (from `../react-native/ReactCommon/cxxreact`)
  - React-debug (from `../react-native/ReactCommon/react/debug`)
  - React-Fabric (from `../react-native/ReactCommon`)
  - React-FabricImage (from `../react-native/ReactCommon`)
  - React-graphics (from `../react-native/ReactCommon/react/renderer/graphics`)
  - React-ImageManager (from `../react-native/ReactCommon/react/renderer/imagemanager/platform/ios`)
  - React-jsc (from `../react-native/ReactCommon/jsc`)
  - React-jsc/Fabric (from `../react-native/ReactCommon/jsc`)
  - React-jsi (from `../react-native/ReactCommon/jsi`)
  - React-jsiexecutor (from `../react-native/ReactCommon/jsiexecutor`)
  - React-jsinspector (from `../react-native/ReactCommon/jsinspector`)
  - React-logger (from `../react-native/ReactCommon/logger`)
  - React-NativeModulesApple (from `../react-native/ReactCommon/react/nativemodule/core/platform/ios`)
  - React-perflogger (from `../react-native/ReactCommon/reactperflogger`)
  - React-RCTActionSheet (from `../react-native/Libraries/ActionSheetIOS`)
  - React-RCTAnimation (from `../react-native/Libraries/NativeAnimation`)
  - React-RCTAppDelegate (from `../react-native/Libraries/AppDelegate`)
  - React-RCTBlob (from `../react-native/Libraries/Blob`)
  - React-RCTFabric (from `../react-native/React`)
  - React-RCTImage (from `../react-native/Libraries/Image`)
  - React-RCTLinking (from `../react-native/Libraries/LinkingIOS`)
  - React-RCTNetwork (from `../react-native/Libraries/Network`)
  - React-RCTPushNotification (from `../react-native/Libraries/PushNotificationIOS`)
  - React-RCTSettings (from `../react-native/Libraries/Settings`)
  - React-RCTTest (from `./RCTTest`)
  - React-RCTText (from `../react-native/Libraries/Text`)
  - React-RCTVibration (from `../react-native/Libraries/Vibration`)
  - React-rendererdebug (from `../react-native/ReactCommon/react/renderer/debug`)
  - React-rncore (from `../react-native/ReactCommon`)
  - React-runtimeexecutor (from `../react-native/ReactCommon/runtimeexecutor`)
  - React-utils (from `../react-native/ReactCommon/react/utils`)
  - ReactCommon-Samples (from `../react-native/ReactCommon/react/nativemodule/samples`)
  - ReactCommon/turbomodule/core (from `../react-native/ReactCommon`)
  - ScreenshotManager (from `NativeModuleExample`)
  - Yoga (from `../react-native/ReactCommon/yoga`)

SPEC REPOS:
  trunk:
    - OCMock

EXTERNAL SOURCES:
  boost:
    :podspec: "../react-native/third-party-podspecs/boost.podspec"
  DoubleConversion:
    :podspec: "../react-native/third-party-podspecs/DoubleConversion.podspec"
  FBLazyVector:
    :path: "../react-native/Libraries/FBLazyVector"
  FBReactNativeSpec:
    :path: "../react-native/React/FBReactNativeSpec"
  glog:
    :podspec: "../react-native/third-party-podspecs/glog.podspec"
  RCT-Folly:
    :podspec: "../react-native/third-party-podspecs/RCT-Folly.podspec"
  RCTRequired:
    :path: "../react-native/Libraries/RCTRequired"
  RCTTypeSafety:
    :path: "../react-native/Libraries/TypeSafety"
  React:
    :path: "../react-native/"
  React-callinvoker:
    :path: "../react-native/ReactCommon/callinvoker"
  React-Codegen:
    :path: build/generated/ios
  React-Core:
    :path: "../react-native/"
  React-CoreModules:
    :path: "../react-native/React/CoreModules"
  React-cxxreact:
    :path: "../react-native/ReactCommon/cxxreact"
  React-debug:
    :path: "../react-native/ReactCommon/react/debug"
  React-Fabric:
    :path: "../react-native/ReactCommon"
  React-FabricImage:
    :path: "../react-native/ReactCommon"
  React-graphics:
    :path: "../react-native/ReactCommon/react/renderer/graphics"
  React-ImageManager:
    :path: "../react-native/ReactCommon/react/renderer/imagemanager/platform/ios"
  React-jsc:
    :path: "../react-native/ReactCommon/jsc"
  React-jsi:
    :path: "../react-native/ReactCommon/jsi"
  React-jsiexecutor:
    :path: "../react-native/ReactCommon/jsiexecutor"
  React-jsinspector:
    :path: "../react-native/ReactCommon/jsinspector"
  React-logger:
    :path: "../react-native/ReactCommon/logger"
  React-NativeModulesApple:
    :path: "../react-native/ReactCommon/react/nativemodule/core/platform/ios"
  React-perflogger:
    :path: "../react-native/ReactCommon/reactperflogger"
  React-RCTActionSheet:
    :path: "../react-native/Libraries/ActionSheetIOS"
  React-RCTAnimation:
    :path: "../react-native/Libraries/NativeAnimation"
  React-RCTAppDelegate:
    :path: "../react-native/Libraries/AppDelegate"
  React-RCTBlob:
    :path: "../react-native/Libraries/Blob"
  React-RCTFabric:
    :path: "../react-native/React"
  React-RCTImage:
    :path: "../react-native/Libraries/Image"
  React-RCTLinking:
    :path: "../react-native/Libraries/LinkingIOS"
  React-RCTNetwork:
    :path: "../react-native/Libraries/Network"
  React-RCTPushNotification:
    :path: "../react-native/Libraries/PushNotificationIOS"
  React-RCTSettings:
    :path: "../react-native/Libraries/Settings"
  React-RCTTest:
    :path: "./RCTTest"
  React-RCTText:
    :path: "../react-native/Libraries/Text"
  React-RCTVibration:
    :path: "../react-native/Libraries/Vibration"
  React-rendererdebug:
    :path: "../react-native/ReactCommon/react/renderer/debug"
  React-rncore:
    :path: "../react-native/ReactCommon"
  React-runtimeexecutor:
    :path: "../react-native/ReactCommon/runtimeexecutor"
  React-utils:
    :path: "../react-native/ReactCommon/react/utils"
  ReactCommon:
    :path: "../react-native/ReactCommon"
  ReactCommon-Samples:
    :path: "../react-native/ReactCommon/react/nativemodule/samples"
  ScreenshotManager:
    :path: NativeModuleExample
  Yoga:
    :path: "../react-native/ReactCommon/yoga"

SPEC CHECKSUMS:
  boost: 68c9c0be72d00f969f14505af249fb80b4c0312f
  DoubleConversion: 71bf0761505a44e4dfddc0aa04afa049fdfb63b5
  FBLazyVector: b1e47545f722c61d6aec0bc08a7d93e129a04b0f
  FBReactNativeSpec: 100dfe0566fb7aa1a65205d98ecbc3e598e698aa
  glog: 9eba2300734ec4e045d2fbfe5ae49430e4d85bbb
  OCMock: 9491e4bec59e0b267d52a9184ff5605995e74be8
  RCT-Folly: 20b1cf63e8e2407223499a818d538bd5a18cb150
  RCTRequired: 4ab810fa4a6c43803563799dd0f1cd8155eba5da
  RCTTypeSafety: 4ad18b626e3910d0029f2bc5d8ff94591eb0c49a
  React: f5f482e0efd98fbc795df6efe637f06db2768e89
  React-callinvoker: 6f62280461360411d65b87b73696ebe81735c101
  React-Codegen: 597c46c0788e54f312e368ce902d0a05e724d6eb
  React-Core: ebfaccd7d38ef53c143330a9a0248a9373b2f25f
  React-CoreModules: 74b6b9e990d45e2c80e13dd9c6118e5eb3e95066
  React-cxxreact: 3e9808a66f126f30b6c4fe0628100a586a93a0a4
  React-debug: 92c8cddb05c8b77dd1a1c9fe80eeb7de58d1d75c
  React-Fabric: 0b2d82f0f268def94abbae8e1c90f3e9f6e65c6e
  React-FabricImage: 8f74fe63ce88d99f08a2dd1f932a60e445593b4a
  React-graphics: a288eff7287d4768daadd1f0f2d5e7341d812c50
  React-ImageManager: 222a90afa24848eedd74ba1f5ce724118698ed97
  React-jsc: a0e822dd994d0420f64bdb555070220ac8ad31a9
  React-jsi: 9d2fa499da9d12d9ceaf40df702821957ebb11fd
  React-jsiexecutor: 564ab853046d2373dd1f3a23f083d68c1b8fd9ad
  React-jsinspector: b617f988fccd05936e3d1c9446d6aae98d0ac709
  React-logger: d4474c620151990fe295cf4ad0a88cf87f07388f
  React-NativeModulesApple: abba87f9ad876de58593b86b4c29a2b0442a35d1
  React-perflogger: 4e7d7d502a15974044e76cc662f1d4eb802aff70
  React-RCTActionSheet: d077305bc1edee30b2dc2f9d399ccf9c6ab94c7f
  React-RCTAnimation: e0146f6e4de5929a0e023c31eb5c8b5472756cbc
  React-RCTAppDelegate: d49e2f3c3de19bee206ca45659c154280fc332c7
  React-RCTBlob: 4a7949f05d82b42d96207f249206cc7d5ac9f600
  React-RCTFabric: 074d426de0975ece180f0e9dda0279afb63f6eeb
  React-RCTImage: 1df76c3bc41487317749b522af9da585e6b4706c
  React-RCTLinking: 213d43c6d6549137ef83c37031425777226fa168
  React-RCTNetwork: aa1b55960ed5929dcab5a6e39ba80c43305775ca
  React-RCTPushNotification: 983720609021107f0da1e15174064bbd76da9ff0
  React-RCTSettings: 1f6262ac2c4d273fa0e3ee0f4337b784c78ebc53
  React-RCTTest: ca9977a57b7bdcfc48e51036531115860b8787a4
  React-RCTText: ea904d0f388b8f8573bb47459a2f4d7ad1c30476
  React-RCTVibration: b655eea02b8c48ccaa86511191b87a214301600e
  React-rendererdebug: 29047bc8c67c48521ebe3322fee585b88715e5c0
  React-rncore: 43992b44c6725dde4e0a046cd5958e92e555e1fd
  React-runtimeexecutor: fd130cebcac3dff16ec5f623b795a137aa8a948d
  React-utils: ae5ed897785a846e4f37348721ec9958483a9829
  ReactCommon: 317a424fd6a918227683c3fa31fec772f34381e6
  ReactCommon-Samples: 4c75e010a7eca4316de84927d5c6769f5b5ffc8e
  ScreenshotManager: b73b994569420440c01b32a05fd0fdb107b13520
  Yoga: 2b6eab3892ba1468e80fad8da78bc61290df0558

PODFILE CHECKSUM: 3e7511b3d91af7d6306b3f1ffd3a5216d15e523d

COCOAPODS: 1.12.1
